// !$*UTF8*$!
{
	archiveVersion = 1;
	classes = {
	};
	objectVersion = 46;
	objects = {

/* Begin PBXBuildFile section */
		3904C8FC1DBCC5AB00209B5B /* CJCollectionView.m in Sources */ = {isa = PBXBuildFile; fileRef = 3904C8FB1DBCC5AB00209B5B /* CJCollectionView.m */; };
		3905806C1DD2F08E00591154 /* CJShopBannerModel.m in Sources */ = {isa = PBXBuildFile; fileRef = 3905806B1DD2F08E00591154 /* CJShopBannerModel.m */; };
		3905806F1DD2F2BC00591154 /* CJRecommandGroupModel.m in Sources */ = {isa = PBXBuildFile; fileRef = 3905806E1DD2F2BC00591154 /* CJRecommandGroupModel.m */; };
		390580781DD2F80700591154 /* CJRecommandGoodModel.m in Sources */ = {isa = PBXBuildFile; fileRef = 390580771DD2F80700591154 /* CJRecommandGoodModel.m */; };
		390580811DD303F300591154 /* CJRecommandTableCell.m in Sources */ = {isa = PBXBuildFile; fileRef = 3905807F1DD303F300591154 /* CJRecommandTableCell.m */; };
		390580821DD303F300591154 /* CJRecommandTableCell.xib in Resources */ = {isa = PBXBuildFile; fileRef = 390580801DD303F300591154 /* CJRecommandTableCell.xib */; };
		390580881DD308AC00591154 /* CJRecommandGoodView.m in Sources */ = {isa = PBXBuildFile; fileRef = 390580871DD308AC00591154 /* CJRecommandGoodView.m */; };
		3905808A1DD308B600591154 /* CJRecommandGoodView.xib in Resources */ = {isa = PBXBuildFile; fileRef = 390580891DD308B600591154 /* CJRecommandGoodView.xib */; };
		390A118E1DBA416C0079D4DF /* CJHomeChildTableViewController.m in Sources */ = {isa = PBXBuildFile; fileRef = 390A118C1DBA416C0079D4DF /* CJHomeChildTableViewController.m */; };
		390A118F1DBA416C0079D4DF /* CJHomeChildTableViewController.xib in Resources */ = {isa = PBXBuildFile; fileRef = 390A118D1DBA416C0079D4DF /* CJHomeChildTableViewController.xib */; };
		390CBCC81DBE3BAD001600AE /* CJNewCollectionHeaderView.m in Sources */ = {isa = PBXBuildFile; fileRef = 390CBCC61DBE3BAD001600AE /* CJNewCollectionHeaderView.m */; };
		390CBCC91DBE3BAD001600AE /* CJNewCollectionHeaderView.xib in Resources */ = {isa = PBXBuildFile; fileRef = 390CBCC71DBE3BAD001600AE /* CJNewCollectionHeaderView.xib */; };
		390DCD571DCA2B3A008DE30A /* CJNewProductViewController.m in Sources */ = {isa = PBXBuildFile; fileRef = 390DCD561DCA2B3A008DE30A /* CJNewProductViewController.m */; };
		390DCD5A1DCA417D008DE30A /* UIImage+CJScale.m in Sources */ = {isa = PBXBuildFile; fileRef = 390DCD591DCA417D008DE30A /* UIImage+CJScale.m */; };
		39280C0C1DBB161A00EB5B06 /* CJHomeChildTableViewCell.m in Sources */ = {isa = PBXBuildFile; fileRef = 39280C0A1DBB161A00EB5B06 /* CJHomeChildTableViewCell.m */; };
		39280C0D1DBB161A00EB5B06 /* CJHomeChildTableViewCell.xib in Resources */ = {isa = PBXBuildFile; fileRef = 39280C0B1DBB161A00EB5B06 /* CJHomeChildTableViewCell.xib */; };
		39280C101DBB2DE400EB5B06 /* CJHomeChildTableCellModel.m in Sources */ = {isa = PBXBuildFile; fileRef = 39280C0F1DBB2DE400EB5B06 /* CJHomeChildTableCellModel.m */; };
		39280C131DBB36E800EB5B06 /* CJTool.m in Sources */ = {isa = PBXBuildFile; fileRef = 39280C121DBB36E800EB5B06 /* CJTool.m */; };
		39280C161DBB3C0400EB5B06 /* UITableView+CJRefresh.m in Sources */ = {isa = PBXBuildFile; fileRef = 39280C151DBB3C0400EB5B06 /* UITableView+CJRefresh.m */; };
		39280C191DBB44D900EB5B06 /* CJTableView.m in Sources */ = {isa = PBXBuildFile; fileRef = 39280C181DBB44D900EB5B06 /* CJTableView.m */; };
		397083111DCB1ED4003229C5 /* CJLabel.m in Sources */ = {isa = PBXBuildFile; fileRef = 397083101DCB1ED4003229C5 /* CJLabel.m */; };
		398660441DB9AB18008DC367 /* CJImageView+CJGesture.m in Sources */ = {isa = PBXBuildFile; fileRef = 398660431DB9AB18008DC367 /* CJImageView+CJGesture.m */; };
		398660471DB9ADCD008DC367 /* CJImageView.m in Sources */ = {isa = PBXBuildFile; fileRef = 398660461DB9ADCD008DC367 /* CJImageView.m */; };
		39F9D2ED1DD5660300C93DF9 /* CJNetworking.m in Sources */ = {isa = PBXBuildFile; fileRef = 39F9D2EC1DD5660300C93DF9 /* CJNetworking.m */; };
		39F9D2F01DD5662E00C93DF9 /* UIView+Convience.m in Sources */ = {isa = PBXBuildFile; fileRef = 39F9D2EF1DD5662E00C93DF9 /* UIView+Convience.m */; };
		39FC52A11DB866B000BFC34E /* main.m in Sources */ = {isa = PBXBuildFile; fileRef = 39FC52A01DB866B000BFC34E /* main.m */; };
		39FC52A41DB866B000BFC34E /* AppDelegate.m in Sources */ = {isa = PBXBuildFile; fileRef = 39FC52A31DB866B000BFC34E /* AppDelegate.m */; };
		39FC52AA1DB866B000BFC34E /* Main.storyboard in Resources */ = {isa = PBXBuildFile; fileRef = 39FC52A81DB866B000BFC34E /* Main.storyboard */; };
		39FC52AD1DB866B000BFC34E /* DailyShopping.xcdatamodeld in Sources */ = {isa = PBXBuildFile; fileRef = 39FC52AB1DB866B000BFC34E /* DailyShopping.xcdatamodeld */; };
		39FC52AF1DB866B000BFC34E /* Assets.xcassets in Resources */ = {isa = PBXBuildFile; fileRef = 39FC52AE1DB866B000BFC34E /* Assets.xcassets */; };
		39FC52B21DB866B000BFC34E /* LaunchScreen.storyboard in Resources */ = {isa = PBXBuildFile; fileRef = 39FC52B01DB866B000BFC34E /* LaunchScreen.storyboard */; };
		39FC52DF1DB88AD700BFC34E /* CJHomeViewController.m in Sources */ = {isa = PBXBuildFile; fileRef = 39FC52DE1DB88AD700BFC34E /* CJHomeViewController.m */; };
		39FC52E21DB88AE700BFC34E /* CJBaseViewController.m in Sources */ = {isa = PBXBuildFile; fileRef = 39FC52E11DB88AE700BFC34E /* CJBaseViewController.m */; };
		39FC52E91DB88C8000BFC34E /* CJHomeChildCollectionViewController.m in Sources */ = {isa = PBXBuildFile; fileRef = 39FC52E71DB88C8000BFC34E /* CJHomeChildCollectionViewController.m */; };
		39FC52EE1DB88E8900BFC34E /* CJHomeChildCollectionCell.m in Sources */ = {isa = PBXBuildFile; fileRef = 39FC52EC1DB88E8900BFC34E /* CJHomeChildCollectionCell.m */; };
		39FC52EF1DB88E8900BFC34E /* CJHomeChildCollectionCell.xib in Resources */ = {isa = PBXBuildFile; fileRef = 39FC52ED1DB88E8900BFC34E /* CJHomeChildCollectionCell.xib */; };
		39FC52FC1DB8A3C900BFC34E /* CJHomeCollectionModel.m in Sources */ = {isa = PBXBuildFile; fileRef = 39FC52FB1DB8A3C900BFC34E /* CJHomeCollectionModel.m */; };
		39FC52FF1DB8ADF100BFC34E /* CJHomeChildTableHeaderView.m in Sources */ = {isa = PBXBuildFile; fileRef = 39FC52FE1DB8ADF100BFC34E /* CJHomeChildTableHeaderView.m */; };
		39FC53011DB8AE0100BFC34E /* CJHomeChildTableHeaderView.xib in Resources */ = {isa = PBXBuildFile; fileRef = 39FC53001DB8AE0100BFC34E /* CJHomeChildTableHeaderView.xib */; };
		39FC53041DB8BFB300BFC34E /* CJHomeChildTableBannerModel.m in Sources */ = {isa = PBXBuildFile; fileRef = 39FC53031DB8BFB300BFC34E /* CJHomeChildTableBannerModel.m */; };
		BF9E4005095247A8B629B10D /* libPods-DailyShopping.a in Frameworks */ = {isa = PBXBuildFile; fileRef = 862720DBCB06DE656167CBB2 /* libPods-DailyShopping.a */; };
/* End PBXBuildFile section */

/* Begin PBXFileReference section */
		3904C8FA1DBCC5AB00209B5B /* CJCollectionView.h */ = {isa = PBXFileReference; fileEncoding = 4; lastKnownFileType = sourcecode.c.h; path = CJCollectionView.h; sourceTree = "<group>"; };
		3904C8FB1DBCC5AB00209B5B /* CJCollectionView.m */ = {isa = PBXFileReference; fileEncoding = 4; lastKnownFileType = sourcecode.c.objc; path = CJCollectionView.m; sourceTree = "<group>"; };
		3905806A1DD2F08E00591154 /* CJShopBannerModel.h */ = {isa = PBXFileReference; fileEncoding = 4; lastKnownFileType = sourcecode.c.h; path = CJShopBannerModel.h; sourceTree = "<group>"; };
		3905806B1DD2F08E00591154 /* CJShopBannerModel.m */ = {isa = PBXFileReference; fileEncoding = 4; lastKnownFileType = sourcecode.c.objc; path = CJShopBannerModel.m; sourceTree = "<group>"; };
		3905806D1DD2F2BC00591154 /* CJRecommandGroupModel.h */ = {isa = PBXFileReference; fileEncoding = 4; lastKnownFileType = sourcecode.c.h; path = CJRecommandGroupModel.h; sourceTree = "<group>"; };
		3905806E1DD2F2BC00591154 /* CJRecommandGroupModel.m */ = {isa = PBXFileReference; fileEncoding = 4; lastKnownFileType = sourcecode.c.objc; path = CJRecommandGroupModel.m; sourceTree = "<group>"; };
		390580761DD2F80700591154 /* CJRecommandGoodModel.h */ = {isa = PBXFileReference; fileEncoding = 4; lastKnownFileType = sourcecode.c.h; path = CJRecommandGoodModel.h; sourceTree = "<group>"; };
		390580771DD2F80700591154 /* CJRecommandGoodModel.m */ = {isa = PBXFileReference; fileEncoding = 4; lastKnownFileType = sourcecode.c.objc; path = CJRecommandGoodModel.m; sourceTree = "<group>"; };
		3905807E1DD303F300591154 /* CJRecommandTableCell.h */ = {isa = PBXFileReference; fileEncoding = 4; lastKnownFileType = sourcecode.c.h; path = CJRecommandTableCell.h; sourceTree = "<group>"; };
		3905807F1DD303F300591154 /* CJRecommandTableCell.m */ = {isa = PBXFileReference; fileEncoding = 4; lastKnownFileType = sourcecode.c.objc; path = CJRecommandTableCell.m; sourceTree = "<group>"; };
		390580801DD303F300591154 /* CJRecommandTableCell.xib */ = {isa = PBXFileReference; fileEncoding = 4; lastKnownFileType = file.xib; path = CJRecommandTableCell.xib; sourceTree = "<group>"; };
		390580861DD308AC00591154 /* CJRecommandGoodView.h */ = {isa = PBXFileReference; fileEncoding = 4; lastKnownFileType = sourcecode.c.h; path = CJRecommandGoodView.h; sourceTree = "<group>"; };
		390580871DD308AC00591154 /* CJRecommandGoodView.m */ = {isa = PBXFileReference; fileEncoding = 4; lastKnownFileType = sourcecode.c.objc; path = CJRecommandGoodView.m; sourceTree = "<group>"; };
		390580891DD308B600591154 /* CJRecommandGoodView.xib */ = {isa = PBXFileReference; fileEncoding = 4; lastKnownFileType = file.xib; path = CJRecommandGoodView.xib; sourceTree = "<group>"; };
		390A118B1DBA416C0079D4DF /* CJHomeChildTableViewController.h */ = {isa = PBXFileReference; fileEncoding = 4; lastKnownFileType = sourcecode.c.h; path = CJHomeChildTableViewController.h; sourceTree = "<group>"; };
		390A118C1DBA416C0079D4DF /* CJHomeChildTableViewController.m */ = {isa = PBXFileReference; fileEncoding = 4; lastKnownFileType = sourcecode.c.objc; path = CJHomeChildTableViewController.m; sourceTree = "<group>"; };
		390A118D1DBA416C0079D4DF /* CJHomeChildTableViewController.xib */ = {isa = PBXFileReference; fileEncoding = 4; lastKnownFileType = file.xib; path = CJHomeChildTableViewController.xib; sourceTree = "<group>"; };
		390CBCC51DBE3BAD001600AE /* CJNewCollectionHeaderView.h */ = {isa = PBXFileReference; fileEncoding = 4; lastKnownFileType = sourcecode.c.h; path = CJNewCollectionHeaderView.h; sourceTree = "<group>"; };
		390CBCC61DBE3BAD001600AE /* CJNewCollectionHeaderView.m */ = {isa = PBXFileReference; fileEncoding = 4; lastKnownFileType = sourcecode.c.objc; path = CJNewCollectionHeaderView.m; sourceTree = "<group>"; };
		390CBCC71DBE3BAD001600AE /* CJNewCollectionHeaderView.xib */ = {isa = PBXFileReference; fileEncoding = 4; lastKnownFileType = file.xib; path = CJNewCollectionHeaderView.xib; sourceTree = "<group>"; };
		390DCD551DCA2B3A008DE30A /* CJNewProductViewController.h */ = {isa = PBXFileReference; fileEncoding = 4; lastKnownFileType = sourcecode.c.h; path = CJNewProductViewController.h; sourceTree = "<group>"; };
		390DCD561DCA2B3A008DE30A /* CJNewProductViewController.m */ = {isa = PBXFileReference; fileEncoding = 4; lastKnownFileType = sourcecode.c.objc; path = CJNewProductViewController.m; sourceTree = "<group>"; };
		390DCD581DCA417D008DE30A /* UIImage+CJScale.h */ = {isa = PBXFileReference; fileEncoding = 4; lastKnownFileType = sourcecode.c.h; path = "UIImage+CJScale.h"; sourceTree = "<group>"; };
		390DCD591DCA417D008DE30A /* UIImage+CJScale.m */ = {isa = PBXFileReference; fileEncoding = 4; lastKnownFileType = sourcecode.c.objc; path = "UIImage+CJScale.m"; sourceTree = "<group>"; };
		39280C091DBB161A00EB5B06 /* CJHomeChildTableViewCell.h */ = {isa = PBXFileReference; fileEncoding = 4; lastKnownFileType = sourcecode.c.h; path = CJHomeChildTableViewCell.h; sourceTree = "<group>"; };
		39280C0A1DBB161A00EB5B06 /* CJHomeChildTableViewCell.m */ = {isa = PBXFileReference; fileEncoding = 4; lastKnownFileType = sourcecode.c.objc; path = CJHomeChildTableViewCell.m; sourceTree = "<group>"; };
		39280C0B1DBB161A00EB5B06 /* CJHomeChildTableViewCell.xib */ = {isa = PBXFileReference; fileEncoding = 4; lastKnownFileType = file.xib; path = CJHomeChildTableViewCell.xib; sourceTree = "<group>"; };
		39280C0E1DBB2DE400EB5B06 /* CJHomeChildTableCellModel.h */ = {isa = PBXFileReference; fileEncoding = 4; lastKnownFileType = sourcecode.c.h; path = CJHomeChildTableCellModel.h; sourceTree = "<group>"; };
		39280C0F1DBB2DE400EB5B06 /* CJHomeChildTableCellModel.m */ = {isa = PBXFileReference; fileEncoding = 4; lastKnownFileType = sourcecode.c.objc; path = CJHomeChildTableCellModel.m; sourceTree = "<group>"; };
		39280C111DBB36E800EB5B06 /* CJTool.h */ = {isa = PBXFileReference; fileEncoding = 4; lastKnownFileType = sourcecode.c.h; path = CJTool.h; sourceTree = "<group>"; };
		39280C121DBB36E800EB5B06 /* CJTool.m */ = {isa = PBXFileReference; fileEncoding = 4; lastKnownFileType = sourcecode.c.objc; path = CJTool.m; sourceTree = "<group>"; };
		39280C141DBB3C0400EB5B06 /* UITableView+CJRefresh.h */ = {isa = PBXFileReference; fileEncoding = 4; lastKnownFileType = sourcecode.c.h; path = "UITableView+CJRefresh.h"; sourceTree = "<group>"; };
		39280C151DBB3C0400EB5B06 /* UITableView+CJRefresh.m */ = {isa = PBXFileReference; fileEncoding = 4; lastKnownFileType = sourcecode.c.objc; path = "UITableView+CJRefresh.m"; sourceTree = "<group>"; };
		39280C171DBB44D900EB5B06 /* CJTableView.h */ = {isa = PBXFileReference; fileEncoding = 4; lastKnownFileType = sourcecode.c.h; path = CJTableView.h; sourceTree = "<group>"; };
		39280C181DBB44D900EB5B06 /* CJTableView.m */ = {isa = PBXFileReference; fileEncoding = 4; lastKnownFileType = sourcecode.c.objc; path = CJTableView.m; sourceTree = "<group>"; };
		396F74251DB9DD020002AB42 /* CJURL.h */ = {isa = PBXFileReference; lastKnownFileType = sourcecode.c.h; path = CJURL.h; sourceTree = "<group>"; };
		3970830F1DCB1ED4003229C5 /* CJLabel.h */ = {isa = PBXFileReference; fileEncoding = 4; lastKnownFileType = sourcecode.c.h; path = CJLabel.h; sourceTree = "<group>"; };
		397083101DCB1ED4003229C5 /* CJLabel.m */ = {isa = PBXFileReference; fileEncoding = 4; lastKnownFileType = sourcecode.c.objc; path = CJLabel.m; sourceTree = "<group>"; };
		398660421DB9AB18008DC367 /* CJImageView+CJGesture.h */ = {isa = PBXFileReference; fileEncoding = 4; lastKnownFileType = sourcecode.c.h; path = "CJImageView+CJGesture.h"; sourceTree = "<group>"; };
		398660431DB9AB18008DC367 /* CJImageView+CJGesture.m */ = {isa = PBXFileReference; fileEncoding = 4; lastKnownFileType = sourcecode.c.objc; path = "CJImageView+CJGesture.m"; sourceTree = "<group>"; };
		398660451DB9ADCD008DC367 /* CJImageView.h */ = {isa = PBXFileReference; fileEncoding = 4; lastKnownFileType = sourcecode.c.h; path = CJImageView.h; sourceTree = "<group>"; };
		398660461DB9ADCD008DC367 /* CJImageView.m */ = {isa = PBXFileReference; fileEncoding = 4; lastKnownFileType = sourcecode.c.objc; path = CJImageView.m; sourceTree = "<group>"; };
		39F9D2EB1DD5660300C93DF9 /* CJNetworking.h */ = {isa = PBXFileReference; fileEncoding = 4; lastKnownFileType = sourcecode.c.h; path = CJNetworking.h; sourceTree = "<group>"; };
		39F9D2EC1DD5660300C93DF9 /* CJNetworking.m */ = {isa = PBXFileReference; fileEncoding = 4; lastKnownFileType = sourcecode.c.objc; path = CJNetworking.m; sourceTree = "<group>"; };
		39F9D2EE1DD5662E00C93DF9 /* UIView+Convience.h */ = {isa = PBXFileReference; fileEncoding = 4; lastKnownFileType = sourcecode.c.h; path = "UIView+Convience.h"; sourceTree = "<group>"; };
		39F9D2EF1DD5662E00C93DF9 /* UIView+Convience.m */ = {isa = PBXFileReference; fileEncoding = 4; lastKnownFileType = sourcecode.c.objc; path = "UIView+Convience.m"; sourceTree = "<group>"; };
		39FC529C1DB866B000BFC34E /* DailyShopping.app */ = {isa = PBXFileReference; explicitFileType = wrapper.application; includeInIndex = 0; path = DailyShopping.app; sourceTree = BUILT_PRODUCTS_DIR; };
		39FC52A01DB866B000BFC34E /* main.m */ = {isa = PBXFileReference; lastKnownFileType = sourcecode.c.objc; path = main.m; sourceTree = "<group>"; };
		39FC52A21DB866B000BFC34E /* AppDelegate.h */ = {isa = PBXFileReference; lastKnownFileType = sourcecode.c.h; path = AppDelegate.h; sourceTree = "<group>"; };
		39FC52A31DB866B000BFC34E /* AppDelegate.m */ = {isa = PBXFileReference; lastKnownFileType = sourcecode.c.objc; path = AppDelegate.m; sourceTree = "<group>"; };
		39FC52A91DB866B000BFC34E /* Base */ = {isa = PBXFileReference; lastKnownFileType = file.storyboard; name = Base; path = Base.lproj/Main.storyboard; sourceTree = "<group>"; };
		39FC52AC1DB866B000BFC34E /* DailyShopping.xcdatamodel */ = {isa = PBXFileReference; lastKnownFileType = wrapper.xcdatamodel; path = DailyShopping.xcdatamodel; sourceTree = "<group>"; };
		39FC52AE1DB866B000BFC34E /* Assets.xcassets */ = {isa = PBXFileReference; lastKnownFileType = folder.assetcatalog; path = Assets.xcassets; sourceTree = "<group>"; };
		39FC52B11DB866B000BFC34E /* Base */ = {isa = PBXFileReference; lastKnownFileType = file.storyboard; name = Base; path = Base.lproj/LaunchScreen.storyboard; sourceTree = "<group>"; };
		39FC52B31DB866B000BFC34E /* Info.plist */ = {isa = PBXFileReference; lastKnownFileType = text.plist.xml; path = Info.plist; sourceTree = "<group>"; };
		39FC52DD1DB88AD700BFC34E /* CJHomeViewController.h */ = {isa = PBXFileReference; fileEncoding = 4; lastKnownFileType = sourcecode.c.h; path = CJHomeViewController.h; sourceTree = "<group>"; };
		39FC52DE1DB88AD700BFC34E /* CJHomeViewController.m */ = {isa = PBXFileReference; fileEncoding = 4; lastKnownFileType = sourcecode.c.objc; path = CJHomeViewController.m; sourceTree = "<group>"; };
		39FC52E01DB88AE700BFC34E /* CJBaseViewController.h */ = {isa = PBXFileReference; fileEncoding = 4; lastKnownFileType = sourcecode.c.h; path = CJBaseViewController.h; sourceTree = "<group>"; };
		39FC52E11DB88AE700BFC34E /* CJBaseViewController.m */ = {isa = PBXFileReference; fileEncoding = 4; lastKnownFileType = sourcecode.c.objc; path = CJBaseViewController.m; sourceTree = "<group>"; };
		39FC52E61DB88C8000BFC34E /* CJHomeChildCollectionViewController.h */ = {isa = PBXFileReference; fileEncoding = 4; lastKnownFileType = sourcecode.c.h; path = CJHomeChildCollectionViewController.h; sourceTree = "<group>"; };
		39FC52E71DB88C8000BFC34E /* CJHomeChildCollectionViewController.m */ = {isa = PBXFileReference; fileEncoding = 4; lastKnownFileType = sourcecode.c.objc; path = CJHomeChildCollectionViewController.m; sourceTree = "<group>"; };
		39FC52EB1DB88E8900BFC34E /* CJHomeChildCollectionCell.h */ = {isa = PBXFileReference; fileEncoding = 4; lastKnownFileType = sourcecode.c.h; path = CJHomeChildCollectionCell.h; sourceTree = "<group>"; };
		39FC52EC1DB88E8900BFC34E /* CJHomeChildCollectionCell.m */ = {isa = PBXFileReference; fileEncoding = 4; lastKnownFileType = sourcecode.c.objc; path = CJHomeChildCollectionCell.m; sourceTree = "<group>"; };
		39FC52ED1DB88E8900BFC34E /* CJHomeChildCollectionCell.xib */ = {isa = PBXFileReference; fileEncoding = 4; lastKnownFileType = file.xib; path = CJHomeChildCollectionCell.xib; sourceTree = "<group>"; };
		39FC52F71DB89D9D00BFC34E /* CJHeader.h */ = {isa = PBXFileReference; fileEncoding = 4; lastKnownFileType = sourcecode.c.h; path = CJHeader.h; sourceTree = "<group>"; };
		39FC52FA1DB8A3C900BFC34E /* CJHomeCollectionModel.h */ = {isa = PBXFileReference; fileEncoding = 4; lastKnownFileType = sourcecode.c.h; path = CJHomeCollectionModel.h; sourceTree = "<group>"; };
		39FC52FB1DB8A3C900BFC34E /* CJHomeCollectionModel.m */ = {isa = PBXFileReference; fileEncoding = 4; lastKnownFileType = sourcecode.c.objc; path = CJHomeCollectionModel.m; sourceTree = "<group>"; };
		39FC52FD1DB8ADF100BFC34E /* CJHomeChildTableHeaderView.h */ = {isa = PBXFileReference; fileEncoding = 4; lastKnownFileType = sourcecode.c.h; path = CJHomeChildTableHeaderView.h; sourceTree = "<group>"; };
		39FC52FE1DB8ADF100BFC34E /* CJHomeChildTableHeaderView.m */ = {isa = PBXFileReference; fileEncoding = 4; lastKnownFileType = sourcecode.c.objc; path = CJHomeChildTableHeaderView.m; sourceTree = "<group>"; };
		39FC53001DB8AE0100BFC34E /* CJHomeChildTableHeaderView.xib */ = {isa = PBXFileReference; fileEncoding = 4; lastKnownFileType = file.xib; path = CJHomeChildTableHeaderView.xib; sourceTree = "<group>"; };
		39FC53021DB8BFB300BFC34E /* CJHomeChildTableBannerModel.h */ = {isa = PBXFileReference; fileEncoding = 4; lastKnownFileType = sourcecode.c.h; path = CJHomeChildTableBannerModel.h; sourceTree = "<group>"; };
		39FC53031DB8BFB300BFC34E /* CJHomeChildTableBannerModel.m */ = {isa = PBXFileReference; fileEncoding = 4; lastKnownFileType = sourcecode.c.objc; path = CJHomeChildTableBannerModel.m; sourceTree = "<group>"; };
		862720DBCB06DE656167CBB2 /* libPods-DailyShopping.a */ = {isa = PBXFileReference; explicitFileType = archive.ar; includeInIndex = 0; path = "libPods-DailyShopping.a"; sourceTree = BUILT_PRODUCTS_DIR; };
		967D63B54974B6DF24F28C6A /* Pods-DailyShopping.debug.xcconfig */ = {isa = PBXFileReference; includeInIndex = 1; lastKnownFileType = text.xcconfig; name = "Pods-DailyShopping.debug.xcconfig"; path = "Pods/Target Support Files/Pods-DailyShopping/Pods-DailyShopping.debug.xcconfig"; sourceTree = "<group>"; };
		BCDDF08CB54334C47C5DAAE8 /* Pods-DailyShopping.release.xcconfig */ = {isa = PBXFileReference; includeInIndex = 1; lastKnownFileType = text.xcconfig; name = "Pods-DailyShopping.release.xcconfig"; path = "Pods/Target Support Files/Pods-DailyShopping/Pods-DailyShopping.release.xcconfig"; sourceTree = "<group>"; };
/* End PBXFileReference section */

/* Begin PBXFrameworksBuildPhase section */
		39FC52991DB866B000BFC34E /* Frameworks */ = {
			isa = PBXFrameworksBuildPhase;
			buildActionMask = 2147483647;
			files = (
				BF9E4005095247A8B629B10D /* libPods-DailyShopping.a in Frameworks */,
			);
			runOnlyForDeploymentPostprocessing = 0;
		};
/* End PBXFrameworksBuildPhase section */

/* Begin PBXGroup section */
		390580731DD2F75200591154 /* TableView */ = {
			isa = PBXGroup;
			children = (
				39280C0E1DBB2DE400EB5B06 /* CJHomeChildTableCellModel.h */,
				39280C0F1DBB2DE400EB5B06 /* CJHomeChildTableCellModel.m */,
				39FC53021DB8BFB300BFC34E /* CJHomeChildTableBannerModel.h */,
				39FC53031DB8BFB300BFC34E /* CJHomeChildTableBannerModel.m */,
			);
			name = TableView;
			sourceTree = "<group>";
		};
		390580741DD2F76900591154 /* CollectionView */ = {
			isa = PBXGroup;
			children = (
				39FC52FA1DB8A3C900BFC34E /* CJHomeCollectionModel.h */,
				39FC52FB1DB8A3C900BFC34E /* CJHomeCollectionModel.m */,
			);
			name = CollectionView;
			sourceTree = "<group>";
		};
		390580751DD2F77F00591154 /* recommandcell */ = {
			isa = PBXGroup;
			children = (
				3905806D1DD2F2BC00591154 /* CJRecommandGroupModel.h */,
				3905806E1DD2F2BC00591154 /* CJRecommandGroupModel.m */,
				390580761DD2F80700591154 /* CJRecommandGoodModel.h */,
				390580771DD2F80700591154 /* CJRecommandGoodModel.m */,
			);
			name = recommandcell;
			sourceTree = "<group>";
		};
		390580791DD3038900591154 /* TableViewCell */ = {
			isa = PBXGroup;
			children = (
				39280C091DBB161A00EB5B06 /* CJHomeChildTableViewCell.h */,
				39280C0A1DBB161A00EB5B06 /* CJHomeChildTableViewCell.m */,
				39280C0B1DBB161A00EB5B06 /* CJHomeChildTableViewCell.xib */,
			);
			name = TableViewCell;
			sourceTree = "<group>";
		};
		3905807A1DD3039800591154 /* CollectionView */ = {
			isa = PBXGroup;
			children = (
				39FC52EB1DB88E8900BFC34E /* CJHomeChildCollectionCell.h */,
				39FC52EC1DB88E8900BFC34E /* CJHomeChildCollectionCell.m */,
				39FC52ED1DB88E8900BFC34E /* CJHomeChildCollectionCell.xib */,
			);
			name = CollectionView;
			sourceTree = "<group>";
		};
		390580831DD307F600591154 /* RecommandCell */ = {
			isa = PBXGroup;
			children = (
				3905807E1DD303F300591154 /* CJRecommandTableCell.h */,
				3905807F1DD303F300591154 /* CJRecommandTableCell.m */,
				390580801DD303F300591154 /* CJRecommandTableCell.xib */,
				390580861DD308AC00591154 /* CJRecommandGoodView.h */,
				390580871DD308AC00591154 /* CJRecommandGoodView.m */,
				390580891DD308B600591154 /* CJRecommandGoodView.xib */,
			);
			name = RecommandCell;
			sourceTree = "<group>";
		};
		390580851DD3081D00591154 /* TableHeaderView */ = {
			isa = PBXGroup;
			children = (
				39FC52FD1DB8ADF100BFC34E /* CJHomeChildTableHeaderView.h */,
				39FC52FE1DB8ADF100BFC34E /* CJHomeChildTableHeaderView.m */,
				39FC53001DB8AE0100BFC34E /* CJHomeChildTableHeaderView.xib */,
			);
			name = TableHeaderView;
			sourceTree = "<group>";
		};
		39FC52931DB866B000BFC34E = {
			isa = PBXGroup;
			children = (
				39FC529E1DB866B000BFC34E /* DailyShopping */,
				39FC529D1DB866B000BFC34E /* Products */,
				BADD5E77ADF49CB6BF3596F8 /* Pods */,
				6A4C0C35E0C1A726A764B790 /* Frameworks */,
			);
			sourceTree = "<group>";
		};
		39FC529D1DB866B000BFC34E /* Products */ = {
			isa = PBXGroup;
			children = (
				39FC529C1DB866B000BFC34E /* DailyShopping.app */,
			);
			name = Products;
			sourceTree = "<group>";
		};
		39FC529E1DB866B000BFC34E /* DailyShopping */ = {
			isa = PBXGroup;
			children = (
				39FC52A81DB866B000BFC34E /* Main.storyboard */,
				39FC52AE1DB866B000BFC34E /* Assets.xcassets */,
				39FC52B91DB874BA00BFC34E /* Class */,
				39FC529F1DB866B000BFC34E /* Supporting Files */,
			);
			path = DailyShopping;
			sourceTree = "<group>";
		};
		39FC529F1DB866B000BFC34E /* Supporting Files */ = {
			isa = PBXGroup;
			children = (
				39FC52A21DB866B000BFC34E /* AppDelegate.h */,
				39FC52A31DB866B000BFC34E /* AppDelegate.m */,
				39FC52B01DB866B000BFC34E /* LaunchScreen.storyboard */,
				39FC52B31DB866B000BFC34E /* Info.plist */,
				39FC52AB1DB866B000BFC34E /* DailyShopping.xcdatamodeld */,
				39FC52A01DB866B000BFC34E /* main.m */,
			);
			name = "Supporting Files";
			sourceTree = "<group>";
		};
		39FC52B91DB874BA00BFC34E /* Class */ = {
			isa = PBXGroup;
			children = (
				39FC52BA1DB874BA00BFC34E /* BaseClass */,
				39FC52BC1DB874BA00BFC34E /* MainClass */,
				39FC52BB1DB874BA00BFC34E /* Category */,
				39FC52D61DB874BA00BFC34E /* Thrid */,
				39FC52D71DB874BA00BFC34E /* Tool */,
				39FC52F61DB89D9D00BFC34E /* Header */,
			);
			path = Class;
			sourceTree = "<group>";
		};
		39FC52BA1DB874BA00BFC34E /* BaseClass */ = {
			isa = PBXGroup;
			children = (
				3970830F1DCB1ED4003229C5 /* CJLabel.h */,
				397083101DCB1ED4003229C5 /* CJLabel.m */,
				39FC52E01DB88AE700BFC34E /* CJBaseViewController.h */,
				39FC52E11DB88AE700BFC34E /* CJBaseViewController.m */,
				398660451DB9ADCD008DC367 /* CJImageView.h */,
				398660461DB9ADCD008DC367 /* CJImageView.m */,
				39280C171DBB44D900EB5B06 /* CJTableView.h */,
				39280C181DBB44D900EB5B06 /* CJTableView.m */,
				3904C8FA1DBCC5AB00209B5B /* CJCollectionView.h */,
				3904C8FB1DBCC5AB00209B5B /* CJCollectionView.m */,
			);
			path = BaseClass;
			sourceTree = "<group>";
		};
		39FC52BB1DB874BA00BFC34E /* Category */ = {
			isa = PBXGroup;
			children = (
				39F9D2EE1DD5662E00C93DF9 /* UIView+Convience.h */,
				39F9D2EF1DD5662E00C93DF9 /* UIView+Convience.m */,
				398660421DB9AB18008DC367 /* CJImageView+CJGesture.h */,
				398660431DB9AB18008DC367 /* CJImageView+CJGesture.m */,
				39280C141DBB3C0400EB5B06 /* UITableView+CJRefresh.h */,
				39280C151DBB3C0400EB5B06 /* UITableView+CJRefresh.m */,
				390DCD581DCA417D008DE30A /* UIImage+CJScale.h */,
				390DCD591DCA417D008DE30A /* UIImage+CJScale.m */,
			);
			path = Category;
			sourceTree = "<group>";
		};
		39FC52BC1DB874BA00BFC34E /* MainClass */ = {
			isa = PBXGroup;
			children = (
				39FC52BD1DB874BA00BFC34E /* Home */,
				39FC52C21DB874BA00BFC34E /* NewProduct */,
				39FC52C71DB874BA00BFC34E /* Personal */,
				39FC52CC1DB874BA00BFC34E /* Search */,
				39FC52D11DB874BA00BFC34E /* Shopping */,
			);
			path = MainClass;
			sourceTree = "<group>";
		};
		39FC52BD1DB874BA00BFC34E /* Home */ = {
			isa = PBXGroup;
			children = (
				39FC52BE1DB874BA00BFC34E /* FirstController */,
				39FC52D91DB88A1F00BFC34E /* FirstChildController */,
			);
			path = Home;
			sourceTree = "<group>";
		};
		39FC52BE1DB874BA00BFC34E /* FirstController */ = {
			isa = PBXGroup;
			children = (
				39FC52BF1DB874BA00BFC34E /* Controller */,
				39FC52C01DB874BA00BFC34E /* Model */,
				39FC52C11DB874BA00BFC34E /* View */,
			);
			path = FirstController;
			sourceTree = "<group>";
		};
		39FC52BF1DB874BA00BFC34E /* Controller */ = {
			isa = PBXGroup;
			children = (
				39FC52DD1DB88AD700BFC34E /* CJHomeViewController.h */,
				39FC52DE1DB88AD700BFC34E /* CJHomeViewController.m */,
			);
			path = Controller;
			sourceTree = "<group>";
		};
		39FC52C01DB874BA00BFC34E /* Model */ = {
			isa = PBXGroup;
			children = (
			);
			path = Model;
			sourceTree = "<group>";
		};
		39FC52C11DB874BA00BFC34E /* View */ = {
			isa = PBXGroup;
			children = (
			);
			path = View;
			sourceTree = "<group>";
		};
		39FC52C21DB874BA00BFC34E /* NewProduct */ = {
			isa = PBXGroup;
			children = (
				39FC52C31DB874BA00BFC34E /* FirstController */,
			);
			path = NewProduct;
			sourceTree = "<group>";
		};
		39FC52C31DB874BA00BFC34E /* FirstController */ = {
			isa = PBXGroup;
			children = (
				39FC52C41DB874BA00BFC34E /* Controller */,
				39FC52C51DB874BA00BFC34E /* Model */,
				39FC52C61DB874BA00BFC34E /* View */,
			);
			path = FirstController;
			sourceTree = "<group>";
		};
		39FC52C41DB874BA00BFC34E /* Controller */ = {
			isa = PBXGroup;
			children = (
				390DCD551DCA2B3A008DE30A /* CJNewProductViewController.h */,
				390DCD561DCA2B3A008DE30A /* CJNewProductViewController.m */,
			);
			path = Controller;
			sourceTree = "<group>";
		};
		39FC52C51DB874BA00BFC34E /* Model */ = {
			isa = PBXGroup;
			children = (
			);
			path = Model;
			sourceTree = "<group>";
		};
		39FC52C61DB874BA00BFC34E /* View */ = {
			isa = PBXGroup;
			children = (
				390CBCC51DBE3BAD001600AE /* CJNewCollectionHeaderView.h */,
				390CBCC61DBE3BAD001600AE /* CJNewCollectionHeaderView.m */,
				390CBCC71DBE3BAD001600AE /* CJNewCollectionHeaderView.xib */,
			);
			path = View;
			sourceTree = "<group>";
		};
		39FC52C71DB874BA00BFC34E /* Personal */ = {
			isa = PBXGroup;
			children = (
				39FC52C81DB874BA00BFC34E /* FirstController */,
			);
			path = Personal;
			sourceTree = "<group>";
		};
		39FC52C81DB874BA00BFC34E /* FirstController */ = {
			isa = PBXGroup;
			children = (
				39FC52C91DB874BA00BFC34E /* Controller */,
				39FC52CA1DB874BA00BFC34E /* Model */,
				39FC52CB1DB874BA00BFC34E /* View */,
			);
			path = FirstController;
			sourceTree = "<group>";
		};
		39FC52C91DB874BA00BFC34E /* Controller */ = {
			isa = PBXGroup;
			children = (
			);
			path = Controller;
			sourceTree = "<group>";
		};
		39FC52CA1DB874BA00BFC34E /* Model */ = {
			isa = PBXGroup;
			children = (
			);
			path = Model;
			sourceTree = "<group>";
		};
		39FC52CB1DB874BA00BFC34E /* View */ = {
			isa = PBXGroup;
			children = (
			);
			path = View;
			sourceTree = "<group>";
		};
		39FC52CC1DB874BA00BFC34E /* Search */ = {
			isa = PBXGroup;
			children = (
				39FC52CD1DB874BA00BFC34E /* FirstController */,
			);
			path = Search;
			sourceTree = "<group>";
		};
		39FC52CD1DB874BA00BFC34E /* FirstController */ = {
			isa = PBXGroup;
			children = (
				39FC52CE1DB874BA00BFC34E /* Controller */,
				39FC52CF1DB874BA00BFC34E /* Model */,
				39FC52D01DB874BA00BFC34E /* View */,
			);
			path = FirstController;
			sourceTree = "<group>";
		};
		39FC52CE1DB874BA00BFC34E /* Controller */ = {
			isa = PBXGroup;
			children = (
			);
			path = Controller;
			sourceTree = "<group>";
		};
		39FC52CF1DB874BA00BFC34E /* Model */ = {
			isa = PBXGroup;
			children = (
			);
			path = Model;
			sourceTree = "<group>";
		};
		39FC52D01DB874BA00BFC34E /* View */ = {
			isa = PBXGroup;
			children = (
			);
			path = View;
			sourceTree = "<group>";
		};
		39FC52D11DB874BA00BFC34E /* Shopping */ = {
			isa = PBXGroup;
			children = (
				39FC52D21DB874BA00BFC34E /* FirstController */,
			);
			path = Shopping;
			sourceTree = "<group>";
		};
		39FC52D21DB874BA00BFC34E /* FirstController */ = {
			isa = PBXGroup;
			children = (
				39FC52D31DB874BA00BFC34E /* Controller */,
				39FC52D41DB874BA00BFC34E /* Model */,
				39FC52D51DB874BA00BFC34E /* View */,
			);
			path = FirstController;
			sourceTree = "<group>";
		};
		39FC52D31DB874BA00BFC34E /* Controller */ = {
			isa = PBXGroup;
			children = (
			);
			path = Controller;
			sourceTree = "<group>";
		};
		39FC52D41DB874BA00BFC34E /* Model */ = {
			isa = PBXGroup;
			children = (
				3905806A1DD2F08E00591154 /* CJShopBannerModel.h */,
				3905806B1DD2F08E00591154 /* CJShopBannerModel.m */,
			);
			path = Model;
			sourceTree = "<group>";
		};
		39FC52D51DB874BA00BFC34E /* View */ = {
			isa = PBXGroup;
			children = (
			);
			path = View;
			sourceTree = "<group>";
		};
		39FC52D61DB874BA00BFC34E /* Thrid */ = {
			isa = PBXGroup;
			children = (
			);
			path = Thrid;
			sourceTree = "<group>";
		};
		39FC52D71DB874BA00BFC34E /* Tool */ = {
			isa = PBXGroup;
			children = (
				39F9D2EB1DD5660300C93DF9 /* CJNetworking.h */,
				39F9D2EC1DD5660300C93DF9 /* CJNetworking.m */,
				39280C111DBB36E800EB5B06 /* CJTool.h */,
				39280C121DBB36E800EB5B06 /* CJTool.m */,
			);
			path = Tool;
			sourceTree = "<group>";
		};
		39FC52D91DB88A1F00BFC34E /* FirstChildController */ = {
			isa = PBXGroup;
			children = (
				39FC52DA1DB88A1F00BFC34E /* Controller */,
				39FC52DB1DB88A1F00BFC34E /* Model */,
				39FC52DC1DB88A1F00BFC34E /* View */,
			);
			path = FirstChildController;
			sourceTree = "<group>";
		};
		39FC52DA1DB88A1F00BFC34E /* Controller */ = {
			isa = PBXGroup;
			children = (
				39FC52E61DB88C8000BFC34E /* CJHomeChildCollectionViewController.h */,
				39FC52E71DB88C8000BFC34E /* CJHomeChildCollectionViewController.m */,
				390A118B1DBA416C0079D4DF /* CJHomeChildTableViewController.h */,
				390A118C1DBA416C0079D4DF /* CJHomeChildTableViewController.m */,
				390A118D1DBA416C0079D4DF /* CJHomeChildTableViewController.xib */,
			);
			path = Controller;
			sourceTree = "<group>";
		};
		39FC52DB1DB88A1F00BFC34E /* Model */ = {
			isa = PBXGroup;
			children = (
				390580751DD2F77F00591154 /* recommandcell */,
				390580741DD2F76900591154 /* CollectionView */,
				390580731DD2F75200591154 /* TableView */,
			);
			path = Model;
			sourceTree = "<group>";
		};
		39FC52DC1DB88A1F00BFC34E /* View */ = {
			isa = PBXGroup;
			children = (
				3905807A1DD3039800591154 /* CollectionView */,
				390580851DD3081D00591154 /* TableHeaderView */,
				390580791DD3038900591154 /* TableViewCell */,
				390580831DD307F600591154 /* RecommandCell */,
			);
			path = View;
			sourceTree = "<group>";
		};
		39FC52F61DB89D9D00BFC34E /* Header */ = {
			isa = PBXGroup;
			children = (
				39FC52F71DB89D9D00BFC34E /* CJHeader.h */,
				396F74251DB9DD020002AB42 /* CJURL.h */,
			);
			path = Header;
			sourceTree = "<group>";
		};
		6A4C0C35E0C1A726A764B790 /* Frameworks */ = {
			isa = PBXGroup;
			children = (
				862720DBCB06DE656167CBB2 /* libPods-DailyShopping.a */,
			);
			name = Frameworks;
			sourceTree = "<group>";
		};
		BADD5E77ADF49CB6BF3596F8 /* Pods */ = {
			isa = PBXGroup;
			children = (
				967D63B54974B6DF24F28C6A /* Pods-DailyShopping.debug.xcconfig */,
				BCDDF08CB54334C47C5DAAE8 /* Pods-DailyShopping.release.xcconfig */,
			);
			name = Pods;
			sourceTree = "<group>";
		};
/* End PBXGroup section */

/* Begin PBXNativeTarget section */
		39FC529B1DB866B000BFC34E /* DailyShopping */ = {
			isa = PBXNativeTarget;
			buildConfigurationList = 39FC52B61DB866B000BFC34E /* Build configuration list for PBXNativeTarget "DailyShopping" */;
			buildPhases = (
				80573147AD66E6CE751BC9D7 /* [CP] Check Pods Manifest.lock */,
				39FC52981DB866B000BFC34E /* Sources */,
				39FC52991DB866B000BFC34E /* Frameworks */,
				39FC529A1DB866B000BFC34E /* Resources */,
				92245DB176C7AE9063CDBEE5 /* [CP] Embed Pods Frameworks */,
				112AD0A716CE92D786EE6D9B /* [CP] Copy Pods Resources */,
			);
			buildRules = (
			);
			dependencies = (
			);
			name = DailyShopping;
			productName = DailyShopping;
			productReference = 39FC529C1DB866B000BFC34E /* DailyShopping.app */;
			productType = "com.apple.product-type.application";
		};
/* End PBXNativeTarget section */

/* Begin PBXProject section */
		39FC52941DB866B000BFC34E /* Project object */ = {
			isa = PBXProject;
			attributes = {
				CLASSPREFIX = CJ;
				LastUpgradeCheck = 0800;
				ORGANIZATIONNAME = Cijian;
				TargetAttributes = {
					39FC529B1DB866B000BFC34E = {
						CreatedOnToolsVersion = 8.0;
						DevelopmentTeam = EZ9549DPUB;
						ProvisioningStyle = Automatic;
					};
				};
			};
			buildConfigurationList = 39FC52971DB866B000BFC34E /* Build configuration list for PBXProject "DailyShopping" */;
			compatibilityVersion = "Xcode 3.2";
			developmentRegion = English;
			hasScannedForEncodings = 0;
			knownRegions = (
				en,
				Base,
			);
			mainGroup = 39FC52931DB866B000BFC34E;
			productRefGroup = 39FC529D1DB866B000BFC34E /* Products */;
			projectDirPath = "";
			projectRoot = "";
			targets = (
				39FC529B1DB866B000BFC34E /* DailyShopping */,
			);
		};
/* End PBXProject section */

/* Begin PBXResourcesBuildPhase section */
		39FC529A1DB866B000BFC34E /* Resources */ = {
			isa = PBXResourcesBuildPhase;
			buildActionMask = 2147483647;
			files = (
				39FC52B21DB866B000BFC34E /* LaunchScreen.storyboard in Resources */,
				39FC52AF1DB866B000BFC34E /* Assets.xcassets in Resources */,
				390580821DD303F300591154 /* CJRecommandTableCell.xib in Resources */,
				3905808A1DD308B600591154 /* CJRecommandGoodView.xib in Resources */,
				39280C0D1DBB161A00EB5B06 /* CJHomeChildTableViewCell.xib in Resources */,
				39FC52AA1DB866B000BFC34E /* Main.storyboard in Resources */,
				39FC52EF1DB88E8900BFC34E /* CJHomeChildCollectionCell.xib in Resources */,
				390A118F1DBA416C0079D4DF /* CJHomeChildTableViewController.xib in Resources */,
				39FC53011DB8AE0100BFC34E /* CJHomeChildTableHeaderView.xib in Resources */,
				390CBCC91DBE3BAD001600AE /* CJNewCollectionHeaderView.xib in Resources */,
			);
			runOnlyForDeploymentPostprocessing = 0;
		};
/* End PBXResourcesBuildPhase section */

/* Begin PBXShellScriptBuildPhase section */
		112AD0A716CE92D786EE6D9B /* [CP] Copy Pods Resources */ = {
			isa = PBXShellScriptBuildPhase;
			buildActionMask = 2147483647;
			files = (
			);
			inputPaths = (
			);
			name = "[CP] Copy Pods Resources";
			outputPaths = (
			);
			runOnlyForDeploymentPostprocessing = 0;
			shellPath = /bin/sh;
			shellScript = "\"${SRCROOT}/Pods/Target Support Files/Pods-DailyShopping/Pods-DailyShopping-resources.sh\"\n";
			showEnvVarsInLog = 0;
		};
		80573147AD66E6CE751BC9D7 /* [CP] Check Pods Manifest.lock */ = {
			isa = PBXShellScriptBuildPhase;
			buildActionMask = 2147483647;
			files = (
			);
			inputPaths = (
			);
			name = "[CP] Check Pods Manifest.lock";
			outputPaths = (
			);
			runOnlyForDeploymentPostprocessing = 0;
			shellPath = /bin/sh;
			shellScript = "diff \"${PODS_ROOT}/../Podfile.lock\" \"${PODS_ROOT}/Manifest.lock\" > /dev/null\nif [[ $? != 0 ]] ; then\n    cat << EOM\nerror: The sandbox is not in sync with the Podfile.lock. Run 'pod install' or update your CocoaPods installation.\nEOM\n    exit 1\nfi\n";
			showEnvVarsInLog = 0;
		};
		92245DB176C7AE9063CDBEE5 /* [CP] Embed Pods Frameworks */ = {
			isa = PBXShellScriptBuildPhase;
			buildActionMask = 2147483647;
			files = (
			);
			inputPaths = (
			);
			name = "[CP] Embed Pods Frameworks";
			outputPaths = (
			);
			runOnlyForDeploymentPostprocessing = 0;
			shellPath = /bin/sh;
			shellScript = "\"${SRCROOT}/Pods/Target Support Files/Pods-DailyShopping/Pods-DailyShopping-frameworks.sh\"\n";
			showEnvVarsInLog = 0;
		};
/* End PBXShellScriptBuildPhase section */

/* Begin PBXSourcesBuildPhase section */
		39FC52981DB866B000BFC34E /* Sources */ = {
			isa = PBXSourcesBuildPhase;
			buildActionMask = 2147483647;
			files = (
				3905806C1DD2F08E00591154 /* CJShopBannerModel.m in Sources */,
				390CBCC81DBE3BAD001600AE /* CJNewCollectionHeaderView.m in Sources */,
				39F9D2ED1DD5660300C93DF9 /* CJNetworking.m in Sources */,
				39FC52E21DB88AE700BFC34E /* CJBaseViewController.m in Sources */,
				390580811DD303F300591154 /* CJRecommandTableCell.m in Sources */,
				39FC52DF1DB88AD700BFC34E /* CJHomeViewController.m in Sources */,
				390580881DD308AC00591154 /* CJRecommandGoodView.m in Sources */,
				390A118E1DBA416C0079D4DF /* CJHomeChildTableViewController.m in Sources */,
				39280C0C1DBB161A00EB5B06 /* CJHomeChildTableViewCell.m in Sources */,
				39FC52E91DB88C8000BFC34E /* CJHomeChildCollectionViewController.m in Sources */,
				3905806F1DD2F2BC00591154 /* CJRecommandGroupModel.m in Sources */,
				3904C8FC1DBCC5AB00209B5B /* CJCollectionView.m in Sources */,
				398660471DB9ADCD008DC367 /* CJImageView.m in Sources */,
				39F9D2F01DD5662E00C93DF9 /* UIView+Convience.m in Sources */,
				397083111DCB1ED4003229C5 /* CJLabel.m in Sources */,
				390DCD5A1DCA417D008DE30A /* UIImage+CJScale.m in Sources */,
				39FC52AD1DB866B000BFC34E /* DailyShopping.xcdatamodeld in Sources */,
				390580781DD2F80700591154 /* CJRecommandGoodModel.m in Sources */,
				39FC52FF1DB8ADF100BFC34E /* CJHomeChildTableHeaderView.m in Sources */,
				39FC53041DB8BFB300BFC34E /* CJHomeChildTableBannerModel.m in Sources */,
				39280C161DBB3C0400EB5B06 /* UITableView+CJRefresh.m in Sources */,
				39FC52EE1DB88E8900BFC34E /* CJHomeChildCollectionCell.m in Sources */,
				398660441DB9AB18008DC367 /* CJImageView+CJGesture.m in Sources */,
				39FC52A41DB866B000BFC34E /* AppDelegate.m in Sources */,
				39FC52A11DB866B000BFC34E /* main.m in Sources */,
				39FC52FC1DB8A3C900BFC34E /* CJHomeCollectionModel.m in Sources */,
				39280C101DBB2DE400EB5B06 /* CJHomeChildTableCellModel.m in Sources */,
				39280C131DBB36E800EB5B06 /* CJTool.m in Sources */,
				39280C191DBB44D900EB5B06 /* CJTableView.m in Sources */,
				390DCD571DCA2B3A008DE30A /* CJNewProductViewController.m in Sources */,
			);
			runOnlyForDeploymentPostprocessing = 0;
		};
/* End PBXSourcesBuildPhase section */

/* Begin PBXVariantGroup section */
		39FC52A81DB866B000BFC34E /* Main.storyboard */ = {
			isa = PBXVariantGroup;
			children = (
				39FC52A91DB866B000BFC34E /* Base */,
			);
			name = Main.storyboard;
			sourceTree = "<group>";
		};
		39FC52B01DB866B000BFC34E /* LaunchScreen.storyboard */ = {
			isa = PBXVariantGroup;
			children = (
				39FC52B11DB866B000BFC34E /* Base */,
			);
			name = LaunchScreen.storyboard;
			sourceTree = "<group>";
		};
/* End PBXVariantGroup section */

/* Begin XCBuildConfiguration section */
		39FC52B41DB866B000BFC34E /* Debug */ = {
			isa = XCBuildConfiguration;
			buildSettings = {
				ALWAYS_SEARCH_USER_PATHS = NO;
				CLANG_ANALYZER_NONNULL = YES;
				CLANG_CXX_LANGUAGE_STANDARD = "gnu++0x";
				CLANG_CXX_LIBRARY = "libc++";
				CLANG_ENABLE_MODULES = YES;
				CLANG_ENABLE_OBJC_ARC = YES;
				CLANG_WARN_BOOL_CONVERSION = YES;
				CLANG_WARN_CONSTANT_CONVERSION = YES;
				CLANG_WARN_DIRECT_OBJC_ISA_USAGE = YES_ERROR;
				CLANG_WARN_DOCUMENTATION_COMMENTS = YES;
				CLANG_WARN_EMPTY_BODY = YES;
				CLANG_WARN_ENUM_CONVERSION = YES;
				CLANG_WARN_INFINITE_RECURSION = YES;
				CLANG_WARN_INT_CONVERSION = YES;
				CLANG_WARN_OBJC_ROOT_CLASS = YES_ERROR;
				CLANG_WARN_SUSPICIOUS_MOVES = YES;
				CLANG_WARN_UNREACHABLE_CODE = YES;
				CLANG_WARN__DUPLICATE_METHOD_MATCH = YES;
				"CODE_SIGN_IDENTITY[sdk=iphoneos*]" = "iPhone Developer";
				COPY_PHASE_STRIP = NO;
				DEBUG_INFORMATION_FORMAT = dwarf;
				ENABLE_STRICT_OBJC_MSGSEND = YES;
				ENABLE_TESTABILITY = YES;
				GCC_C_LANGUAGE_STANDARD = gnu99;
				GCC_DYNAMIC_NO_PIC = NO;
				GCC_NO_COMMON_BLOCKS = YES;
				GCC_OPTIMIZATION_LEVEL = 0;
				GCC_PREPROCESSOR_DEFINITIONS = (
					"DEBUG=1",
					"$(inherited)",
				);
				GCC_WARN_64_TO_32_BIT_CONVERSION = YES;
				GCC_WARN_ABOUT_RETURN_TYPE = YES_ERROR;
				GCC_WARN_UNDECLARED_SELECTOR = YES;
				GCC_WARN_UNINITIALIZED_AUTOS = YES_AGGRESSIVE;
				GCC_WARN_UNUSED_FUNCTION = YES;
				GCC_WARN_UNUSED_VARIABLE = YES;
				IPHONEOS_DEPLOYMENT_TARGET = 10.0;
				MTL_ENABLE_DEBUG_INFO = YES;
				ONLY_ACTIVE_ARCH = YES;
				SDKROOT = iphoneos;
			};
			name = Debug;
		};
		39FC52B51DB866B000BFC34E /* Release */ = {
			isa = XCBuildConfiguration;
			buildSettings = {
				ALWAYS_SEARCH_USER_PATHS = NO;
				CLANG_ANALYZER_NONNULL = YES;
				CLANG_CXX_LANGUAGE_STANDARD = "gnu++0x";
				CLANG_CXX_LIBRARY = "libc++";
				CLANG_ENABLE_MODULES = YES;
				CLANG_ENABLE_OBJC_ARC = YES;
				CLANG_WARN_BOOL_CONVERSION = YES;
				CLANG_WARN_CONSTANT_CONVERSION = YES;
				CLANG_WARN_DIRECT_OBJC_ISA_USAGE = YES_ERROR;
				CLANG_WARN_DOCUMENTATION_COMMENTS = YES;
				CLANG_WARN_EMPTY_BODY = YES;
				CLANG_WARN_ENUM_CONVERSION = YES;
				CLANG_WARN_INFINITE_RECURSION = YES;
				CLANG_WARN_INT_CONVERSION = YES;
				CLANG_WARN_OBJC_ROOT_CLASS = YES_ERROR;
				CLANG_WARN_SUSPICIOUS_MOVES = YES;
				CLANG_WARN_UNREACHABLE_CODE = YES;
				CLANG_WARN__DUPLICATE_METHOD_MATCH = YES;
				"CODE_SIGN_IDENTITY[sdk=iphoneos*]" = "iPhone Developer";
				COPY_PHASE_STRIP = NO;
				DEBUG_INFORMATION_FORMAT = "dwarf-with-dsym";
				ENABLE_NS_ASSERTIONS = NO;
				ENABLE_STRICT_OBJC_MSGSEND = YES;
				GCC_C_LANGUAGE_STANDARD = gnu99;
				GCC_NO_COMMON_BLOCKS = YES;
				GCC_WARN_64_TO_32_BIT_CONVERSION = YES;
				GCC_WARN_ABOUT_RETURN_TYPE = YES_ERROR;
				GCC_WARN_UNDECLARED_SELECTOR = YES;
				GCC_WARN_UNINITIALIZED_AUTOS = YES_AGGRESSIVE;
				GCC_WARN_UNUSED_FUNCTION = YES;
				GCC_WARN_UNUSED_VARIABLE = YES;
				IPHONEOS_DEPLOYMENT_TARGET = 10.0;
				MTL_ENABLE_DEBUG_INFO = NO;
				SDKROOT = iphoneos;
				VALIDATE_PRODUCT = YES;
			};
			name = Release;
		};
		39FC52B71DB866B000BFC34E /* Debug */ = {
			isa = XCBuildConfiguration;
			baseConfigurationReference = 967D63B54974B6DF24F28C6A /* Pods-DailyShopping.debug.xcconfig */;
			buildSettings = {
				ASSETCATALOG_COMPILER_APPICON_NAME = AppIcon;
				DEVELOPMENT_TEAM = EZ9549DPUB;
				INFOPLIST_FILE = DailyShopping/Info.plist;
				IPHONEOS_DEPLOYMENT_TARGET = 9.0;
				LD_RUNPATH_SEARCH_PATHS = "$(inherited) @executable_path/Frameworks";
				PRODUCT_BUNDLE_IDENTIFIER = com.cijianWu.DailyShopping;
				PRODUCT_NAME = "$(TARGET_NAME)";
			};
			name = Debug;
		};
		39FC52B81DB866B000BFC34E /* Release */ = {
			isa = XCBuildConfiguration;
			baseConfigurationReference = BCDDF08CB54334C47C5DAAE8 /* Pods-DailyShopping.release.xcconfig */;
			buildSettings = {
				ASSETCATALOG_COMPILER_APPICON_NAME = AppIcon;
				DEVELOPMENT_TEAM = EZ9549DPUB;
				INFOPLIST_FILE = DailyShopping/Info.plist;
				IPHONEOS_DEPLOYMENT_TARGET = 9.0;
				LD_RUNPATH_SEARCH_PATHS = "$(inherited) @executable_path/Frameworks";
				PRODUCT_BUNDLE_IDENTIFIER = com.cijianWu.DailyShopping;
				PRODUCT_NAME = "$(TARGET_NAME)";
			};
			name = Release;
		};
/* End XCBuildConfiguration section */

/* Begin XCConfigurationList section */
		39FC52971DB866B000BFC34E /* Build configuration list for PBXProject "DailyShopping" */ = {
			isa = XCConfigurationList;
			buildConfigurations = (
				39FC52B41DB866B000BFC34E /* Debug */,
				39FC52B51DB866B000BFC34E /* Release */,
			);
			defaultConfigurationIsVisible = 0;
			defaultConfigurationName = Release;
		};
		39FC52B61DB866B000BFC34E /* Build configuration list for PBXNativeTarget "DailyShopping" */ = {
			isa = XCConfigurationList;
			buildConfigurations = (
				39FC52B71DB866B000BFC34E /* Debug */,
				39FC52B81DB866B000BFC34E /* Release */,
			);
			defaultConfigurationIsVisible = 0;
			defaultConfigurationName = Release;
		};
/* End XCConfigurationList section */

/* Begin XCVersionGroup section */
		39FC52AB1DB866B000BFC34E /* DailyShopping.xcdatamodeld */ = {
			isa = XCVersionGroup;
			children = (
				39FC52AC1DB866B000BFC34E /* DailyShopping.xcdatamodel */,
			);
			currentVersion = 39FC52AC1DB866B000BFC34E /* DailyShopping.xcdatamodel */;
			path = DailyShopping.xcdatamodeld;
			sourceTree = "<group>";
			versionGroupType = wrapper.xcdatamodel;
		};
/* End XCVersionGroup section */
	};
	rootObject = 39FC52941DB866B000BFC34E /* Project object */;
}
